
Microsoft Visual Studio Solution File, Format Version 12.00
# Visual Studio Version 16
VisualStudioVersion = 16.0.32126.315
MinimumVisualStudioVersion = 10.0.40219.1
Project("{FAE04EC0-301F-11D3-BF4B-00C04F79EFBC}") = "NS_BookStore", "NS_BookStore\NS_BookStore.csproj", "{325F14C7-36D4-42CA-8006-204FA1089764}"
EndProject
Global
	GlobalSection(SolutionConfigurationPlatforms) = preSolution
		Debug|Any CPU = Debug|Any CPU
		Release|Any CPU = Release|Any CPU
	EndGlobalSection
	GlobalSection(ProjectConfigurationPlatforms) = postSolution
		{325F14C7-36D4-42CA-8006-204FA1089764}.Debug|Any CPU.ActiveCfg = Debug|Any CPU
		{325F14C7-36D4-42CA-8006-204FA1089764}.Debug|Any CPU.Build.0 = Debug|Any CPU
		{325F14C7-36D4-42CA-8006-204FA1089764}.Release|Any CPU.ActiveCfg = Release|Any CPU
		{325F14C7-36D4-42CA-8006-204FA1089764}.Release|Any CPU.Build.0 = Release|Any CPU
	EndGlobalSection
	GlobalSection(SolutionProperties) = preSolution
		HideSolutionNode = FALSE
	EndGlobalSection
	GlobalSection(ExtensibilityGlobals) = postSolution
		SolutionGuid = {4A22AD2A-6D91-452C-9690-8E5FD3A44D49}
	EndGlobalSection
EndGlobal
